{
  "nodes": {
    "abstract-set-theory": {
      "flake": false,
      "locked": {
        "lastModified": 1755863899,
        "narHash": "sha256-iJ6QrwrGYD0YY3xY9QuMR0Hr6pYsiXFQozf4EzJSSPo=",
        "owner": "input-output-hk",
        "repo": "agda-sets",
        "rev": "31512b000317a577230e9ba5081b693801104851",
        "type": "github"
      },
      "original": {
        "owner": "input-output-hk",
        "repo": "agda-sets",
        "type": "github"
      }
    },
    "flake-utils": {
      "inputs": {
        "systems": "systems"
      },
      "locked": {
        "lastModified": 1731533236,
        "narHash": "sha256-l0KFg5HjrsfsO/JpG+r7fRrqm12kzFHyUHqHCVpMMbI=",
        "owner": "numtide",
        "repo": "flake-utils",
        "rev": "11707dc2f618dd54ca8739b309ec4fc024de578b",
        "type": "github"
      },
      "original": {
        "owner": "numtide",
        "repo": "flake-utils",
        "type": "github"
      }
    },
    "flake-utils_2": {
      "inputs": {
        "systems": "systems_2"
      },
      "locked": {
        "lastModified": 1731533236,
        "narHash": "sha256-l0KFg5HjrsfsO/JpG+r7fRrqm12kzFHyUHqHCVpMMbI=",
        "owner": "numtide",
        "repo": "flake-utils",
        "rev": "11707dc2f618dd54ca8739b309ec4fc024de578b",
        "type": "github"
      },
      "original": {
        "owner": "numtide",
        "repo": "flake-utils",
        "type": "github"
      }
    },
    "flake-utils_3": {
      "inputs": {
        "systems": "systems_3"
      },
      "locked": {
        "lastModified": 1731533236,
        "narHash": "sha256-l0KFg5HjrsfsO/JpG+r7fRrqm12kzFHyUHqHCVpMMbI=",
        "owner": "numtide",
        "repo": "flake-utils",
        "rev": "11707dc2f618dd54ca8739b309ec4fc024de578b",
        "type": "github"
      },
      "original": {
        "owner": "numtide",
        "repo": "flake-utils",
        "type": "github"
      }
    },
    "nixpkgs": {
      "locked": {
        "lastModified": 1759932714,
        "narHash": "sha256-aS4j/dXaM9dCwfay3qTjyIFAjlIqUD9o5xuNmbGwlNc=",
        "owner": "NixOS",
        "repo": "nixpkgs",
        "rev": "061f520eac885348af57e170174e2aa40b555088",
        "type": "github"
      },
      "original": {
        "owner": "NixOS",
        "repo": "nixpkgs",
        "type": "github"
      }
    },
    "root": {
      "inputs": {
        "abstract-set-theory": "abstract-set-theory",
        "flake-utils": "flake-utils",
        "nixpkgs": "nixpkgs",
        "shellFor": "shellFor",
        "standard-library-classes": "standard-library-classes",
        "standard-library-meta": "standard-library-meta"
      }
    },
    "shellFor": {
      "inputs": {
        "nixpkgs": [
          "nixpkgs"
        ]
      },
      "locked": {
        "path": "../shellFor",
        "type": "path"
      },
      "original": {
        "path": "../shellFor",
        "type": "path"
      },
      "parent": []
    },
    "shellFor_2": {
      "inputs": {
        "nixpkgs": [
          "standard-library-classes",
          "nixpkgs"
        ]
      },
      "locked": {
        "path": "../../tools/shellFor",
        "type": "path"
      },
      "original": {
        "path": "../../tools/shellFor",
        "type": "path"
      },
      "parent": [
        "standard-library-classes"
      ]
    },
    "shellFor_3": {
      "inputs": {
        "nixpkgs": [
          "standard-library-meta",
          "nixpkgs"
        ]
      },
      "locked": {
        "path": "../../tools/shellFor",
        "type": "path"
      },
      "original": {
        "path": "../../tools/shellFor",
        "type": "path"
      },
      "parent": [
        "standard-library-meta"
      ]
    },
    "standard-library-classes": {
      "inputs": {
        "flake-utils": "flake-utils_2",
        "nixpkgs": [
          "nixpkgs"
        ],
        "shellFor": "shellFor_2",
        "standard-library-classes": "standard-library-classes_2"
      },
      "locked": {
        "path": "../standard-library-classes",
        "type": "path"
      },
      "original": {
        "path": "../standard-library-classes",
        "type": "path"
      },
      "parent": []
    },
    "standard-library-classes_2": {
      "flake": false,
      "locked": {
        "lastModified": 1754382520,
        "narHash": "sha256-NaxK37VVO1Jrc4F9B5v+/yo0Pjnp4CwpH1us4Oxgby0=",
        "owner": "agda",
        "repo": "agda-stdlib-classes",
        "rev": "454d18c76b0baf4095006e46cbf094e628d7d31a",
        "type": "github"
      },
      "original": {
        "owner": "agda",
        "repo": "agda-stdlib-classes",
        "type": "github"
      }
    },
    "standard-library-meta": {
      "inputs": {
        "flake-utils": "flake-utils_3",
        "nixpkgs": [
          "nixpkgs"
        ],
        "shellFor": "shellFor_3",
        "standard-library-classes": [
          "standard-library-classes"
        ],
        "standard-library-meta": "standard-library-meta_2"
      },
      "locked": {
        "path": "../standard-library-meta",
        "type": "path"
      },
      "original": {
        "path": "../standard-library-meta",
        "type": "path"
      },
      "parent": []
    },
    "standard-library-meta_2": {
      "flake": false,
      "locked": {
        "lastModified": 1754389036,
        "narHash": "sha256-ir4BxJ+XjYhB0RdBKVPd+YBaIMWzjRCq+188qKZjgdg=",
        "owner": "agda",
        "repo": "agda-stdlib-meta",
        "rev": "d80dc70374f9d33c15889c2cf0c8048b4f697c4c",
        "type": "github"
      },
      "original": {
        "owner": "agda",
        "repo": "agda-stdlib-meta",
        "type": "github"
      }
    },
    "systems": {
      "locked": {
        "lastModified": 1681028828,
        "narHash": "sha256-Vy1rq5AaRuLzOxct8nz4T6wlgyUR7zLU309k9mBC768=",
        "owner": "nix-systems",
        "repo": "default",
        "rev": "da67096a3b9bf56a91d16901293e51ba5b49a27e",
        "type": "github"
      },
      "original": {
        "owner": "nix-systems",
        "repo": "default",
        "type": "github"
      }
    },
    "systems_2": {
      "locked": {
        "lastModified": 1681028828,
        "narHash": "sha256-Vy1rq5AaRuLzOxct8nz4T6wlgyUR7zLU309k9mBC768=",
        "owner": "nix-systems",
        "repo": "default",
        "rev": "da67096a3b9bf56a91d16901293e51ba5b49a27e",
        "type": "github"
      },
      "original": {
        "owner": "nix-systems",
        "repo": "default",
        "type": "github"
      }
    },
    "systems_3": {
      "locked": {
        "lastModified": 1681028828,
        "narHash": "sha256-Vy1rq5AaRuLzOxct8nz4T6wlgyUR7zLU309k9mBC768=",
        "owner": "nix-systems",
        "repo": "default",
        "rev": "da67096a3b9bf56a91d16901293e51ba5b49a27e",
        "type": "github"
      },
      "original": {
        "owner": "nix-systems",
        "repo": "default",
        "type": "github"
      }
    }
  },
  "root": "root",
  "version": 7
}
